
Microsoft Visual Studio Solution File, Format Version 12.00
# Visual Studio Version 16
VisualStudioVersion = 16.0.30503.244
MinimumVisualStudioVersion = 10.0.40219.1
Project("{8BC9CEB8-8B4A-11D0-8D11-00A0C91BC942}") = "Project3", "Project3\Project3.vcxproj", "{33713806-3AE9-4D47-B90E-EAE76F17CAF1}"
EndProject
Global
	GlobalSection(SolutionConfigurationPlatforms) = preSolution
		Debug|x64 = Debug|x64
		Debug|x86 = Debug|x86
		Release|x64 = Release|x64
		Release|x86 = Release|x86
	EndGlobalSection
	GlobalSection(ProjectConfigurationPlatforms) = postSolution
		{33713806-3AE9-4D47-B90E-EAE76F17CAF1}.Debug|x64.ActiveCfg = Debug|x64
		{33713806-3AE9-4D47-B90E-EAE76F17CAF1}.Debug|x64.Build.0 = Debug|x64
		{33713806-3AE9-4D47-B90E-EAE76F17CAF1}.Debug|x86.ActiveCfg = Debug|Win32
		{33713806-3AE9-4D47-B90E-EAE76F17CAF1}.Debug|x86.Build.0 = Debug|Win32
		{33713806-3AE9-4D47-B90E-EAE76F17CAF1}.Release|x64.ActiveCfg = Release|x64
		{33713806-3AE9-4D47-B90E-EAE76F17CAF1}.Release|x64.Build.0 = Release|x64
		{33713806-3AE9-4D47-B90E-EAE76F17CAF1}.Release|x86.ActiveCfg = Release|Win32
		{33713806-3AE9-4D47-B90E-EAE76F17CAF1}.Release|x86.Build.0 = Release|Win32
	EndGlobalSection
	GlobalSection(SolutionProperties) = preSolution
		HideSolutionNode = FALSE
	EndGlobalSection
	GlobalSection(ExtensibilityGlobals) = postSolution
		SolutionGuid = {14F68B0F-0596-4E04-819B-D169A51FCE12}
	EndGlobalSection
EndGlobal
